
Microsoft Visual Studio Solution File, Format Version 12.00
# Visual Studio 15
VisualStudioVersion = 15.0.26730.10
MinimumVisualStudioVersion = 10.0.40219.1
Project("{FAE04EC0-301F-11D3-BF4B-00C04F79EFBC}") = "PeterSkerrittELearning", "PeterSkerrittELearning\PeterSkerrittELearning.csproj", "{FA76DE54-CBAD-4665-ADD3-EF3B87345555}"
EndProject
Global
	GlobalSection(SolutionConfigurationPlatforms) = preSolution
		Debug|Any CPU = Debug|Any CPU
		Release|Any CPU = Release|Any CPU
	EndGlobalSection
	GlobalSection(ProjectConfigurationPlatforms) = postSolution
		{FA76DE54-CBAD-4665-ADD3-EF3B87345555}.Debug|Any CPU.ActiveCfg = Debug|Any CPU
		{FA76DE54-CBAD-4665-ADD3-EF3B87345555}.Debug|Any CPU.Build.0 = Debug|Any CPU
		{FA76DE54-CBAD-4665-ADD3-EF3B87345555}.Release|Any CPU.ActiveCfg = Release|Any CPU
		{FA76DE54-CBAD-4665-ADD3-EF3B87345555}.Release|Any CPU.Build.0 = Release|Any CPU
	EndGlobalSection
	GlobalSection(SolutionProperties) = preSolution
		HideSolutionNode = FALSE
	EndGlobalSection
	GlobalSection(ExtensibilityGlobals) = postSolution
		SolutionGuid = {18CF38BE-AC20-48C4-ADC4-0AE3B3708E65}
	EndGlobalSection
	GlobalSection(TeamFoundationVersionControl) = preSolution
		SccNumberOfProjects = 2
		SccEnterpriseProvider = {4CA58AB2-18FA-4F8D-95D4-32DDF27D184C}
		SccTeamFoundationServer = https://krugerdevelopment.visualstudio.com/
		SccLocalPath0 = .
		SccProjectUniqueName1 = PeterSkerrittELearning\\PeterSkerrittELearning.csproj
		SccProjectName1 = PeterSkerrittELearning
		SccLocalPath1 = PeterSkerrittELearning
	EndGlobalSection
EndGlobal
